
Microsoft Visual Studio Solution File, Format Version 12.00
# Visual Studio Version 17
VisualStudioVersion = 17.4.33205.214
MinimumVisualStudioVersion = 10.0.40219.1
Project("{FAE04EC0-301F-11D3-BF4B-00C04F79EFBC}") = "OurAwesomeApplication", "OurAwesomeApplication\OurAwesomeApplication.csproj", "{18F84FE1-B8CB-4964-B74E-43C2CA849913}"
EndProject
Project("{FAE04EC0-301F-11D3-BF4B-00C04F79EFBC}") = "Dependency A", "Dependency A\Dependency A.csproj", "{A8D99E4A-D15F-4FBB-93EF-62EEBF654C5A}"
EndProject
Project("{FAE04EC0-301F-11D3-BF4B-00C04F79EFBC}") = "Dependency B", "Dependency B\Dependency B.csproj", "{92F0DF44-00BC-4EB0-9A73-4E70A5DF62D3}"
EndProject
Global
	GlobalSection(SolutionConfigurationPlatforms) = preSolution
		Debug|Any CPU = Debug|Any CPU
		Release|Any CPU = Release|Any CPU
	EndGlobalSection
	GlobalSection(ProjectConfigurationPlatforms) = postSolution
		{18F84FE1-B8CB-4964-B74E-43C2CA849913}.Debug|Any CPU.ActiveCfg = Debug|Any CPU
		{18F84FE1-B8CB-4964-B74E-43C2CA849913}.Debug|Any CPU.Build.0 = Debug|Any CPU
		{18F84FE1-B8CB-4964-B74E-43C2CA849913}.Release|Any CPU.ActiveCfg = Release|Any CPU
		{18F84FE1-B8CB-4964-B74E-43C2CA849913}.Release|Any CPU.Build.0 = Release|Any CPU
		{A8D99E4A-D15F-4FBB-93EF-62EEBF654C5A}.Debug|Any CPU.ActiveCfg = Debug|Any CPU
		{A8D99E4A-D15F-4FBB-93EF-62EEBF654C5A}.Debug|Any CPU.Build.0 = Debug|Any CPU
		{A8D99E4A-D15F-4FBB-93EF-62EEBF654C5A}.Release|Any CPU.ActiveCfg = Release|Any CPU
		{A8D99E4A-D15F-4FBB-93EF-62EEBF654C5A}.Release|Any CPU.Build.0 = Release|Any CPU
		{92F0DF44-00BC-4EB0-9A73-4E70A5DF62D3}.Debug|Any CPU.ActiveCfg = Debug|Any CPU
		{92F0DF44-00BC-4EB0-9A73-4E70A5DF62D3}.Debug|Any CPU.Build.0 = Debug|Any CPU
		{92F0DF44-00BC-4EB0-9A73-4E70A5DF62D3}.Release|Any CPU.ActiveCfg = Release|Any CPU
		{92F0DF44-00BC-4EB0-9A73-4E70A5DF62D3}.Release|Any CPU.Build.0 = Release|Any CPU
	EndGlobalSection
	GlobalSection(SolutionProperties) = preSolution
		HideSolutionNode = FALSE
	EndGlobalSection
	GlobalSection(ExtensibilityGlobals) = postSolution
		SolutionGuid = {9A13A630-BBA5-4367-BAF6-F277582E0456}
	EndGlobalSection
EndGlobal
